
Microsoft Visual Studio Solution File, Format Version 12.00
# Visual Studio Version 16
VisualStudioVersion = 16.0.30320.27
MinimumVisualStudioVersion = 10.0.40219.1
Project("{FAE04EC0-301F-11D3-BF4B-00C04F79EFBC}") = "A133590.Ejercicio36", "A133590.Ejercicio36.csproj", "{1E9D9298-B0D1-47E3-BBE1-52477CE4DC01}"
EndProject
Global
	GlobalSection(SolutionConfigurationPlatforms) = preSolution
		Debug|Any CPU = Debug|Any CPU
		Release|Any CPU = Release|Any CPU
	EndGlobalSection
	GlobalSection(ProjectConfigurationPlatforms) = postSolution
		{1E9D9298-B0D1-47E3-BBE1-52477CE4DC01}.Debug|Any CPU.ActiveCfg = Debug|Any CPU
		{1E9D9298-B0D1-47E3-BBE1-52477CE4DC01}.Debug|Any CPU.Build.0 = Debug|Any CPU
		{1E9D9298-B0D1-47E3-BBE1-52477CE4DC01}.Release|Any CPU.ActiveCfg = Release|Any CPU
		{1E9D9298-B0D1-47E3-BBE1-52477CE4DC01}.Release|Any CPU.Build.0 = Release|Any CPU
	EndGlobalSection
	GlobalSection(SolutionProperties) = preSolution
		HideSolutionNode = FALSE
	EndGlobalSection
	GlobalSection(ExtensibilityGlobals) = postSolution
		SolutionGuid = {F61B3EAC-6A20-4DFF-87C9-F81D7F5A61C6}
	EndGlobalSection
EndGlobal
